// !$*UTF8*$!
{
	archiveVersion = 1;
	classes = {
	};
	objectVersion = 56;
	objects = {

/* Begin PBXBuildFile section */
		ED241BE22C3EFBF00089361C /* ImagesListCell.swift in Sources */ = {isa = PBXBuildFile; fileRef = ED241BE12C3EFBF00089361C /* ImagesListCell.swift */; };
		ED273D5B2C60EB0F006F51D8 /* WebViewViewControllerDelegate.swift in Sources */ = {isa = PBXBuildFile; fileRef = ED273D5A2C60EB0F006F51D8 /* WebViewViewControllerDelegate.swift */; };
		ED273D5D2C62B95C006F51D8 /* OAuth2Service.swift in Sources */ = {isa = PBXBuildFile; fileRef = ED273D5C2C62B95C006F51D8 /* OAuth2Service.swift */; };
		ED273D632C669089006F51D8 /* URLSession+data.swift.swift in Sources */ = {isa = PBXBuildFile; fileRef = ED273D622C669089006F51D8 /* URLSession+data.swift.swift */; };
		ED273D672C67E732006F51D8 /* OAuth2TokenStorage.swift in Sources */ = {isa = PBXBuildFile; fileRef = ED273D662C67E732006F51D8 /* OAuth2TokenStorage.swift */; };
		ED4778792C5964A70025AFFC /* Constants.swift in Sources */ = {isa = PBXBuildFile; fileRef = ED4778782C5964A70025AFFC /* Constants.swift */; };
		ED47787B2C5D5CA20025AFFC /* AuthViewController.swift in Sources */ = {isa = PBXBuildFile; fileRef = ED47787A2C5D5CA20025AFFC /* AuthViewController.swift */; };
		ED47787E2C5D5F410025AFFC /* WebViewViewController.swift in Sources */ = {isa = PBXBuildFile; fileRef = ED47787D2C5D5F410025AFFC /* WebViewViewController.swift */; };
		ED7007532C3AEF37007F54E1 /* AppDelegate.swift in Sources */ = {isa = PBXBuildFile; fileRef = ED7007522C3AEF37007F54E1 /* AppDelegate.swift */; };
		ED7007552C3AEF37007F54E1 /* SceneDelegate.swift in Sources */ = {isa = PBXBuildFile; fileRef = ED7007542C3AEF37007F54E1 /* SceneDelegate.swift */; };
		ED7007572C3AEF37007F54E1 /* ImagesListViewController.swift in Sources */ = {isa = PBXBuildFile; fileRef = ED7007562C3AEF37007F54E1 /* ImagesListViewController.swift */; };
		ED70075A2C3AEF37007F54E1 /* Base in Resources */ = {isa = PBXBuildFile; fileRef = ED7007592C3AEF37007F54E1 /* Base */; };
		ED70075C2C3AEF39007F54E1 /* Assets.xcassets in Resources */ = {isa = PBXBuildFile; fileRef = ED70075B2C3AEF39007F54E1 /* Assets.xcassets */; };
		ED731CB02C68C31A00A36919 /* SplashViewController.swift in Sources */ = {isa = PBXBuildFile; fileRef = ED731CAF2C68C31A00A36919 /* SplashViewController.swift */; };
		ED973E562C45B0D4008499A6 /* ProfileViewController.swift in Sources */ = {isa = PBXBuildFile; fileRef = ED973E552C45B0D4008499A6 /* ProfileViewController.swift */; };
		ED973E582C468BE6008499A6 /* SingleImageViewController.swift in Sources */ = {isa = PBXBuildFile; fileRef = ED973E572C468BE6008499A6 /* SingleImageViewController.swift */; };
		EDAA06D02C403059003CCDF2 /* Main.storyboard in Resources */ = {isa = PBXBuildFile; fileRef = ED7007582C3AEF37007F54E1 /* Main.storyboard */; };
		EDC32B902C68DD120020EBA5 /* AuthViewControllerDelegate.swift in Sources */ = {isa = PBXBuildFile; fileRef = EDC32B8F2C68DD120020EBA5 /* AuthViewControllerDelegate.swift */; };
		EDC32B942C6E91490020EBA5 /* ProgressHUD in Frameworks */ = {isa = PBXBuildFile; productRef = EDC32B932C6E91490020EBA5 /* ProgressHUD */; };
		EDC32B962C7490620020EBA5 /* UIBlockingProgressHUD.swift in Sources */ = {isa = PBXBuildFile; fileRef = EDC32B952C7490620020EBA5 /* UIBlockingProgressHUD.swift */; };
		EDC32B9A2C7499550020EBA5 /* ProfileService.swift in Sources */ = {isa = PBXBuildFile; fileRef = EDC32B992C7499550020EBA5 /* ProfileService.swift */; };
		EDCB56DB2C84F890001E9434 /* LaunchScreen.storyboard in Resources */ = {isa = PBXBuildFile; fileRef = EDCB56D92C84F890001E9434 /* LaunchScreen.storyboard */; };
		EDF083412C7C960B008CCFAA /* ProfileImageService.swift in Sources */ = {isa = PBXBuildFile; fileRef = EDF083402C7C960B008CCFAA /* ProfileImageService.swift */; };
		EDF0834F2C80EA0F008CCFAA /* Kingfisher in Frameworks */ = {isa = PBXBuildFile; productRef = EDF0834E2C80EA0F008CCFAA /* Kingfisher */; };
		EDF083522C81C169008CCFAA /* SwiftKeychainWrapper in Frameworks */ = {isa = PBXBuildFile; productRef = EDF083512C81C169008CCFAA /* SwiftKeychainWrapper */; };
		EDF083542C8236A6008CCFAA /* TabBarController.swift in Sources */ = {isa = PBXBuildFile; fileRef = EDF083532C82369F008CCFAA /* TabBarController.swift */; };
/* End PBXBuildFile section */

/* Begin PBXFileReference section */
		ED241BE12C3EFBF00089361C /* ImagesListCell.swift */ = {isa = PBXFileReference; lastKnownFileType = sourcecode.swift; path = ImagesListCell.swift; sourceTree = "<group>"; };
		ED273D5A2C60EB0F006F51D8 /* WebViewViewControllerDelegate.swift */ = {isa = PBXFileReference; lastKnownFileType = sourcecode.swift; path = WebViewViewControllerDelegate.swift; sourceTree = "<group>"; };
		ED273D5C2C62B95C006F51D8 /* OAuth2Service.swift */ = {isa = PBXFileReference; lastKnownFileType = sourcecode.swift; path = OAuth2Service.swift; sourceTree = "<group>"; };
		ED273D622C669089006F51D8 /* URLSession+data.swift.swift */ = {isa = PBXFileReference; lastKnownFileType = sourcecode.swift; path = "URLSession+data.swift.swift"; sourceTree = "<group>"; };
		ED273D662C67E732006F51D8 /* OAuth2TokenStorage.swift */ = {isa = PBXFileReference; lastKnownFileType = sourcecode.swift; path = OAuth2TokenStorage.swift; sourceTree = "<group>"; };
		ED4778782C5964A70025AFFC /* Constants.swift */ = {isa = PBXFileReference; lastKnownFileType = sourcecode.swift; path = Constants.swift; sourceTree = "<group>"; };
		ED47787A2C5D5CA20025AFFC /* AuthViewController.swift */ = {isa = PBXFileReference; lastKnownFileType = sourcecode.swift; path = AuthViewController.swift; sourceTree = "<group>"; };
		ED47787D2C5D5F410025AFFC /* WebViewViewController.swift */ = {isa = PBXFileReference; lastKnownFileType = sourcecode.swift; path = WebViewViewController.swift; sourceTree = "<group>"; };
		ED70074F2C3AEF37007F54E1 /* imageFeed.app */ = {isa = PBXFileReference; explicitFileType = wrapper.application; includeInIndex = 0; path = imageFeed.app; sourceTree = BUILT_PRODUCTS_DIR; };
		ED7007522C3AEF37007F54E1 /* AppDelegate.swift */ = {isa = PBXFileReference; lastKnownFileType = sourcecode.swift; path = AppDelegate.swift; sourceTree = "<group>"; };
		ED7007542C3AEF37007F54E1 /* SceneDelegate.swift */ = {isa = PBXFileReference; lastKnownFileType = sourcecode.swift; path = SceneDelegate.swift; sourceTree = "<group>"; };
		ED7007562C3AEF37007F54E1 /* ImagesListViewController.swift */ = {isa = PBXFileReference; lastKnownFileType = sourcecode.swift; path = ImagesListViewController.swift; sourceTree = "<group>"; };
		ED7007592C3AEF37007F54E1 /* Base */ = {isa = PBXFileReference; lastKnownFileType = file.storyboard; name = Base; path = Base.lproj/Main.storyboard; sourceTree = "<group>"; };
		ED70075B2C3AEF39007F54E1 /* Assets.xcassets */ = {isa = PBXFileReference; lastKnownFileType = folder.assetcatalog; path = Assets.xcassets; sourceTree = "<group>"; };
		ED7007602C3AEF39007F54E1 /* Info.plist */ = {isa = PBXFileReference; lastKnownFileType = text.plist.xml; path = Info.plist; sourceTree = "<group>"; };
		ED731CAF2C68C31A00A36919 /* SplashViewController.swift */ = {isa = PBXFileReference; lastKnownFileType = sourcecode.swift; path = SplashViewController.swift; sourceTree = "<group>"; };
		ED973E552C45B0D4008499A6 /* ProfileViewController.swift */ = {isa = PBXFileReference; lastKnownFileType = sourcecode.swift; path = ProfileViewController.swift; sourceTree = "<group>"; };
		ED973E572C468BE6008499A6 /* SingleImageViewController.swift */ = {isa = PBXFileReference; lastKnownFileType = sourcecode.swift; path = SingleImageViewController.swift; sourceTree = "<group>"; };
		EDC32B8F2C68DD120020EBA5 /* AuthViewControllerDelegate.swift */ = {isa = PBXFileReference; lastKnownFileType = sourcecode.swift; path = AuthViewControllerDelegate.swift; sourceTree = "<group>"; };
		EDC32B952C7490620020EBA5 /* UIBlockingProgressHUD.swift */ = {isa = PBXFileReference; lastKnownFileType = sourcecode.swift; path = UIBlockingProgressHUD.swift; sourceTree = "<group>"; };
		EDC32B992C7499550020EBA5 /* ProfileService.swift */ = {isa = PBXFileReference; lastKnownFileType = sourcecode.swift; path = ProfileService.swift; sourceTree = "<group>"; };
		EDCB56DA2C84F890001E9434 /* Base */ = {isa = PBXFileReference; lastKnownFileType = file.storyboard; name = Base; path = Base.lproj/LaunchScreen.storyboard; sourceTree = "<group>"; };
		EDF083402C7C960B008CCFAA /* ProfileImageService.swift */ = {isa = PBXFileReference; lastKnownFileType = sourcecode.swift; path = ProfileImageService.swift; sourceTree = "<group>"; };
		EDF083532C82369F008CCFAA /* TabBarController.swift */ = {isa = PBXFileReference; lastKnownFileType = sourcecode.swift; path = TabBarController.swift; sourceTree = "<group>"; };
/* End PBXFileReference section */

/* Begin PBXFrameworksBuildPhase section */
		ED70074C2C3AEF37007F54E1 /* Frameworks */ = {
			isa = PBXFrameworksBuildPhase;
			buildActionMask = 2147483647;
			files = (
				EDF0834F2C80EA0F008CCFAA /* Kingfisher in Frameworks */,
				EDC32B942C6E91490020EBA5 /* ProgressHUD in Frameworks */,
				EDF083522C81C169008CCFAA /* SwiftKeychainWrapper in Frameworks */,
			);
			runOnlyForDeploymentPostprocessing = 0;
		};
/* End PBXFrameworksBuildPhase section */

/* Begin PBXGroup section */
		ED241BE32C3EFC460089361C /* ImageList */ = {
			isa = PBXGroup;
			children = (
				ED241BE12C3EFBF00089361C /* ImagesListCell.swift */,
				EDC32B952C7490620020EBA5 /* UIBlockingProgressHUD.swift */,
			);
			path = ImageList;
			sourceTree = "<group>";
		};
		ED273D592C60EAE8006F51D8 /* Protocols */ = {
			isa = PBXGroup;
			children = (
				ED273D5A2C60EB0F006F51D8 /* WebViewViewControllerDelegate.swift */,
			);
			path = Protocols;
			sourceTree = "<group>";
		};
		ED47787C2C5D5CDA0025AFFC /* Auth */ = {
			isa = PBXGroup;
			children = (
				EDC32B8F2C68DD120020EBA5 /* AuthViewControllerDelegate.swift */,
				ED273D662C67E732006F51D8 /* OAuth2TokenStorage.swift */,
				ED273D622C669089006F51D8 /* URLSession+data.swift.swift */,
				ED4778782C5964A70025AFFC /* Constants.swift */,
			);
			path = Auth;
			sourceTree = "<group>";
		};
		ED7007462C3AEF37007F54E1 = {
			isa = PBXGroup;
			children = (
				EDC32B912C68ECC40020EBA5 /* imageFeed */,
				ED7007582C3AEF37007F54E1 /* Main.storyboard */,
				EDCB56D92C84F890001E9434 /* LaunchScreen.storyboard */,
				ED70075B2C3AEF39007F54E1 /* Assets.xcassets */,
				EDA9CDA82C77BD85009D330D /* ViewControllers */,
				ED273D592C60EAE8006F51D8 /* Protocols */,
				ED241BE32C3EFC460089361C /* ImageList */,
				ED47787C2C5D5CDA0025AFFC /* Auth */,
				EDC32B972C7499290020EBA5 /* Services */,
				ED7007502C3AEF37007F54E1 /* Products */,
			);
			sourceTree = "<group>";
		};
		ED7007502C3AEF37007F54E1 /* Products */ = {
			isa = PBXGroup;
			children = (
				ED70074F2C3AEF37007F54E1 /* imageFeed.app */,
			);
			name = Products;
			sourceTree = "<group>";
		};
		EDA9CDA82C77BD85009D330D /* ViewControllers */ = {
			isa = PBXGroup;
			children = (
				ED731CAF2C68C31A00A36919 /* SplashViewController.swift */,
				EDF083532C82369F008CCFAA /* TabBarController.swift */,
				ED47787A2C5D5CA20025AFFC /* AuthViewController.swift */,
				ED973E552C45B0D4008499A6 /* ProfileViewController.swift */,
				ED7007562C3AEF37007F54E1 /* ImagesListViewController.swift */,
				ED973E572C468BE6008499A6 /* SingleImageViewController.swift */,
				ED47787D2C5D5F410025AFFC /* WebViewViewController.swift */,
			);
			path = ViewControllers;
			sourceTree = "<group>";
		};
		EDC32B912C68ECC40020EBA5 /* imageFeed */ = {
			isa = PBXGroup;
			children = (
				ED7007522C3AEF37007F54E1 /* AppDelegate.swift */,
				ED7007542C3AEF37007F54E1 /* SceneDelegate.swift */,
				ED7007602C3AEF39007F54E1 /* Info.plist */,
			);
			path = imageFeed;
			sourceTree = "<group>";
		};
		EDC32B972C7499290020EBA5 /* Services */ = {
			isa = PBXGroup;
			children = (
				ED273D5C2C62B95C006F51D8 /* OAuth2Service.swift */,
				EDC32B992C7499550020EBA5 /* ProfileService.swift */,
				EDF083402C7C960B008CCFAA /* ProfileImageService.swift */,
			);
			path = Services;
			sourceTree = "<group>";
		};
/* End PBXGroup section */

/* Begin PBXNativeTarget section */
		ED70074E2C3AEF37007F54E1 /* imageFeed */ = {
			isa = PBXNativeTarget;
			buildConfigurationList = ED7007632C3AEF39007F54E1 /* Build configuration list for PBXNativeTarget "imageFeed" */;
			buildPhases = (
				ED70074B2C3AEF37007F54E1 /* Sources */,
				ED70074C2C3AEF37007F54E1 /* Frameworks */,
				ED70074D2C3AEF37007F54E1 /* Resources */,
			);
			buildRules = (
			);
			dependencies = (
			);
			name = imageFeed;
			packageProductDependencies = (
				EDC32B932C6E91490020EBA5 /* ProgressHUD */,
				EDF0834E2C80EA0F008CCFAA /* Kingfisher */,
				EDF083512C81C169008CCFAA /* SwiftKeychainWrapper */,
			);
			productName = imageFeed;
			productReference = ED70074F2C3AEF37007F54E1 /* imageFeed.app */;
			productType = "com.apple.product-type.application";
		};
/* End PBXNativeTarget section */

/* Begin PBXProject section */
		ED7007472C3AEF37007F54E1 /* Project object */ = {
			isa = PBXProject;
			attributes = {
				BuildIndependentTargetsInParallel = 1;
				LastSwiftUpdateCheck = 1540;
				LastUpgradeCheck = 1540;
				TargetAttributes = {
					ED70074E2C3AEF37007F54E1 = {
						CreatedOnToolsVersion = 15.4;
					};
				};
			};
			buildConfigurationList = ED70074A2C3AEF37007F54E1 /* Build configuration list for PBXProject "imageFeed" */;
			compatibilityVersion = "Xcode 14.0";
			developmentRegion = en;
			hasScannedForEncodings = 0;
			knownRegions = (
				en,
				Base,
			);
			mainGroup = ED7007462C3AEF37007F54E1;
			packageReferences = (
				EDC32B922C6E91490020EBA5 /* XCRemoteSwiftPackageReference "ProgressHUD" */,
				EDF0834D2C80EA0F008CCFAA /* XCRemoteSwiftPackageReference "Kingfisher" */,
				EDF083502C81C169008CCFAA /* XCRemoteSwiftPackageReference "SwiftKeychainWrapper" */,
			);
			productRefGroup = ED7007502C3AEF37007F54E1 /* Products */;
			projectDirPath = "";
			projectRoot = "";
			targets = (
				ED70074E2C3AEF37007F54E1 /* imageFeed */,
			);
		};
/* End PBXProject section */

/* Begin PBXResourcesBuildPhase section */
		ED70074D2C3AEF37007F54E1 /* Resources */ = {
			isa = PBXResourcesBuildPhase;
			buildActionMask = 2147483647;
			files = (
				ED70075C2C3AEF39007F54E1 /* Assets.xcassets in Resources */,
				EDCB56DB2C84F890001E9434 /* LaunchScreen.storyboard in Resources */,
				EDAA06D02C403059003CCDF2 /* Main.storyboard in Resources */,
				ED70075A2C3AEF37007F54E1 /* Base in Resources */,
			);
			runOnlyForDeploymentPostprocessing = 0;
		};
/* End PBXResourcesBuildPhase section */

/* Begin PBXSourcesBuildPhase section */
		ED70074B2C3AEF37007F54E1 /* Sources */ = {
			isa = PBXSourcesBuildPhase;
			buildActionMask = 2147483647;
			files = (
				ED7007572C3AEF37007F54E1 /* ImagesListViewController.swift in Sources */,
				ED273D5B2C60EB0F006F51D8 /* WebViewViewControllerDelegate.swift in Sources */,
				ED241BE22C3EFBF00089361C /* ImagesListCell.swift in Sources */,
				EDC32B962C7490620020EBA5 /* UIBlockingProgressHUD.swift in Sources */,
				ED973E562C45B0D4008499A6 /* ProfileViewController.swift in Sources */,
				ED273D5D2C62B95C006F51D8 /* OAuth2Service.swift in Sources */,
				ED731CB02C68C31A00A36919 /* SplashViewController.swift in Sources */,
				EDC32B9A2C7499550020EBA5 /* ProfileService.swift in Sources */,
				ED7007532C3AEF37007F54E1 /* AppDelegate.swift in Sources */,
				ED47787B2C5D5CA20025AFFC /* AuthViewController.swift in Sources */,
				EDF083412C7C960B008CCFAA /* ProfileImageService.swift in Sources */,
				ED273D632C669089006F51D8 /* URLSession+data.swift.swift in Sources */,
				ED4778792C5964A70025AFFC /* Constants.swift in Sources */,
				EDC32B902C68DD120020EBA5 /* AuthViewControllerDelegate.swift in Sources */,
				ED973E582C468BE6008499A6 /* SingleImageViewController.swift in Sources */,
				ED47787E2C5D5F410025AFFC /* WebViewViewController.swift in Sources */,
				EDF083542C8236A6008CCFAA /* TabBarController.swift in Sources */,
				ED273D672C67E732006F51D8 /* OAuth2TokenStorage.swift in Sources */,
				ED7007552C3AEF37007F54E1 /* SceneDelegate.swift in Sources */,
			);
			runOnlyForDeploymentPostprocessing = 0;
		};
/* End PBXSourcesBuildPhase section */

/* Begin PBXVariantGroup section */
		ED7007582C3AEF37007F54E1 /* Main.storyboard */ = {
			isa = PBXVariantGroup;
			children = (
				ED7007592C3AEF37007F54E1 /* Base */,
			);
			name = Main.storyboard;
			sourceTree = "<group>";
		};
		EDCB56D92C84F890001E9434 /* LaunchScreen.storyboard */ = {
			isa = PBXVariantGroup;
			children = (
				EDCB56DA2C84F890001E9434 /* Base */,
			);
			name = LaunchScreen.storyboard;
			sourceTree = "<group>";
		};
/* End PBXVariantGroup section */

/* Begin XCBuildConfiguration section */
		ED7007612C3AEF39007F54E1 /* Debug */ = {
			isa = XCBuildConfiguration;
			buildSettings = {
				ALWAYS_SEARCH_USER_PATHS = NO;
				ASSETCATALOG_COMPILER_GENERATE_SWIFT_ASSET_SYMBOL_EXTENSIONS = YES;
				CLANG_ANALYZER_NONNULL = YES;
				CLANG_ANALYZER_NUMBER_OBJECT_CONVERSION = YES_AGGRESSIVE;
				CLANG_CXX_LANGUAGE_STANDARD = "gnu++20";
				CLANG_ENABLE_MODULES = YES;
				CLANG_ENABLE_OBJC_ARC = YES;
				CLANG_ENABLE_OBJC_WEAK = YES;
				CLANG_WARN_BLOCK_CAPTURE_AUTORELEASING = YES;
				CLANG_WARN_BOOL_CONVERSION = YES;
				CLANG_WARN_COMMA = YES;
				CLANG_WARN_CONSTANT_CONVERSION = YES;
				CLANG_WARN_DEPRECATED_OBJC_IMPLEMENTATIONS = YES;
				CLANG_WARN_DIRECT_OBJC_ISA_USAGE = YES_ERROR;
				CLANG_WARN_DOCUMENTATION_COMMENTS = YES;
				CLANG_WARN_EMPTY_BODY = YES;
				CLANG_WARN_ENUM_CONVERSION = YES;
				CLANG_WARN_INFINITE_RECURSION = YES;
				CLANG_WARN_INT_CONVERSION = YES;
				CLANG_WARN_NON_LITERAL_NULL_CONVERSION = YES;
				CLANG_WARN_OBJC_IMPLICIT_RETAIN_SELF = YES;
				CLANG_WARN_OBJC_LITERAL_CONVERSION = YES;
				CLANG_WARN_OBJC_ROOT_CLASS = YES_ERROR;
				CLANG_WARN_QUOTED_INCLUDE_IN_FRAMEWORK_HEADER = YES;
				CLANG_WARN_RANGE_LOOP_ANALYSIS = YES;
				CLANG_WARN_STRICT_PROTOTYPES = YES;
				CLANG_WARN_SUSPICIOUS_MOVE = YES;
				CLANG_WARN_UNGUARDED_AVAILABILITY = YES_AGGRESSIVE;
				CLANG_WARN_UNREACHABLE_CODE = YES;
				CLANG_WARN__DUPLICATE_METHOD_MATCH = YES;
				COPY_PHASE_STRIP = NO;
				DEBUG_INFORMATION_FORMAT = dwarf;
				ENABLE_STRICT_OBJC_MSGSEND = YES;
				ENABLE_TESTABILITY = YES;
				ENABLE_USER_SCRIPT_SANDBOXING = YES;
				GCC_C_LANGUAGE_STANDARD = gnu17;
				GCC_DYNAMIC_NO_PIC = NO;
				GCC_NO_COMMON_BLOCKS = YES;
				GCC_OPTIMIZATION_LEVEL = 0;
				GCC_PREPROCESSOR_DEFINITIONS = (
					"DEBUG=1",
					"$(inherited)",
				);
				GCC_WARN_64_TO_32_BIT_CONVERSION = YES;
				GCC_WARN_ABOUT_RETURN_TYPE = YES_ERROR;
				GCC_WARN_UNDECLARED_SELECTOR = YES;
				GCC_WARN_UNINITIALIZED_AUTOS = YES_AGGRESSIVE;
				GCC_WARN_UNUSED_FUNCTION = YES;
				GCC_WARN_UNUSED_VARIABLE = YES;
				IPHONEOS_DEPLOYMENT_TARGET = 17.5;
				LOCALIZATION_PREFERS_STRING_CATALOGS = YES;
				MTL_ENABLE_DEBUG_INFO = INCLUDE_SOURCE;
				MTL_FAST_MATH = YES;
				ONLY_ACTIVE_ARCH = YES;
				SDKROOT = iphoneos;
				SWIFT_ACTIVE_COMPILATION_CONDITIONS = "DEBUG $(inherited)";
				SWIFT_OPTIMIZATION_LEVEL = "-Onone";
			};
			name = Debug;
		};
		ED7007622C3AEF39007F54E1 /* Release */ = {
			isa = XCBuildConfiguration;
			buildSettings = {
				ALWAYS_SEARCH_USER_PATHS = NO;
				ASSETCATALOG_COMPILER_GENERATE_SWIFT_ASSET_SYMBOL_EXTENSIONS = YES;
				CLANG_ANALYZER_NONNULL = YES;
				CLANG_ANALYZER_NUMBER_OBJECT_CONVERSION = YES_AGGRESSIVE;
				CLANG_CXX_LANGUAGE_STANDARD = "gnu++20";
				CLANG_ENABLE_MODULES = YES;
				CLANG_ENABLE_OBJC_ARC = YES;
				CLANG_ENABLE_OBJC_WEAK = YES;
				CLANG_WARN_BLOCK_CAPTURE_AUTORELEASING = YES;
				CLANG_WARN_BOOL_CONVERSION = YES;
				CLANG_WARN_COMMA = YES;
				CLANG_WARN_CONSTANT_CONVERSION = YES;
				CLANG_WARN_DEPRECATED_OBJC_IMPLEMENTATIONS = YES;
				CLANG_WARN_DIRECT_OBJC_ISA_USAGE = YES_ERROR;
				CLANG_WARN_DOCUMENTATION_COMMENTS = YES;
				CLANG_WARN_EMPTY_BODY = YES;
				CLANG_WARN_ENUM_CONVERSION = YES;
				CLANG_WARN_INFINITE_RECURSION = YES;
				CLANG_WARN_INT_CONVERSION = YES;
				CLANG_WARN_NON_LITERAL_NULL_CONVERSION = YES;
				CLANG_WARN_OBJC_IMPLICIT_RETAIN_SELF = YES;
				CLANG_WARN_OBJC_LITERAL_CONVERSION = YES;
				CLANG_WARN_OBJC_ROOT_CLASS = YES_ERROR;
				CLANG_WARN_QUOTED_INCLUDE_IN_FRAMEWORK_HEADER = YES;
				CLANG_WARN_RANGE_LOOP_ANALYSIS = YES;
				CLANG_WARN_STRICT_PROTOTYPES = YES;
				CLANG_WARN_SUSPICIOUS_MOVE = YES;
				CLANG_WARN_UNGUARDED_AVAILABILITY = YES_AGGRESSIVE;
				CLANG_WARN_UNREACHABLE_CODE = YES;
				CLANG_WARN__DUPLICATE_METHOD_MATCH = YES;
				COPY_PHASE_STRIP = NO;
				DEBUG_INFORMATION_FORMAT = "dwarf-with-dsym";
				ENABLE_NS_ASSERTIONS = NO;
				ENABLE_STRICT_OBJC_MSGSEND = YES;
				ENABLE_USER_SCRIPT_SANDBOXING = YES;
				GCC_C_LANGUAGE_STANDARD = gnu17;
				GCC_NO_COMMON_BLOCKS = YES;
				GCC_WARN_64_TO_32_BIT_CONVERSION = YES;
				GCC_WARN_ABOUT_RETURN_TYPE = YES_ERROR;
				GCC_WARN_UNDECLARED_SELECTOR = YES;
				GCC_WARN_UNINITIALIZED_AUTOS = YES_AGGRESSIVE;
				GCC_WARN_UNUSED_FUNCTION = YES;
				GCC_WARN_UNUSED_VARIABLE = YES;
				IPHONEOS_DEPLOYMENT_TARGET = 17.5;
				LOCALIZATION_PREFERS_STRING_CATALOGS = YES;
				MTL_ENABLE_DEBUG_INFO = NO;
				MTL_FAST_MATH = YES;
				SDKROOT = iphoneos;
				SWIFT_COMPILATION_MODE = wholemodule;
				VALIDATE_PRODUCT = YES;
			};
			name = Release;
		};
		ED7007642C3AEF39007F54E1 /* Debug */ = {
			isa = XCBuildConfiguration;
			buildSettings = {
				ASSETCATALOG_COMPILER_APPICON_NAME = AppIcon;
				ASSETCATALOG_COMPILER_GLOBAL_ACCENT_COLOR_NAME = AccentColor;
				CODE_SIGN_STYLE = Automatic;
				CURRENT_PROJECT_VERSION = 1;
				DEVELOPMENT_TEAM = LWQVFXRS4L;
				GENERATE_INFOPLIST_FILE = YES;
				INFOPLIST_FILE = imageFeed/Info.plist;
				INFOPLIST_KEY_CFBundleDisplayName = "Image Feed";
				INFOPLIST_KEY_LSApplicationCategoryType = "public.app-category.photography";
				INFOPLIST_KEY_UIApplicationSupportsIndirectInputEvents = YES;
				INFOPLIST_KEY_UILaunchStoryboardName = LaunchScreen;
				INFOPLIST_KEY_UIMainStoryboardFile = Main;
				INFOPLIST_KEY_UISupportedInterfaceOrientations = UIInterfaceOrientationPortrait;
				INFOPLIST_KEY_UISupportedInterfaceOrientations_iPad = "UIInterfaceOrientationLandscapeLeft UIInterfaceOrientationLandscapeRight UIInterfaceOrientationPortrait UIInterfaceOrientationPortraitUpsideDown";
				IPHONEOS_DEPLOYMENT_TARGET = 13.0;
				LD_RUNPATH_SEARCH_PATHS = (
					"$(inherited)",
					"@executable_path/Frameworks",
				);
				MARKETING_VERSION = 1.0;
				PRODUCT_BUNDLE_IDENTIFIER = danlncewerly.practicum.ImageFeed;
				PRODUCT_NAME = "$(TARGET_NAME)";
				SUPPORTED_PLATFORMS = "iphoneos iphonesimulator";
				SUPPORTS_MACCATALYST = NO;
				SUPPORTS_MAC_DESIGNED_FOR_IPHONE_IPAD = NO;
				SUPPORTS_XR_DESIGNED_FOR_IPHONE_IPAD = NO;
				SWIFT_EMIT_LOC_STRINGS = YES;
				SWIFT_VERSION = 5.0;
				TARGETED_DEVICE_FAMILY = 1;
			};
			name = Debug;
		};
		ED7007652C3AEF39007F54E1 /* Release */ = {
			isa = XCBuildConfiguration;
			buildSettings = {
				ASSETCATALOG_COMPILER_APPICON_NAME = AppIcon;
				ASSETCATALOG_COMPILER_GLOBAL_ACCENT_COLOR_NAME = AccentColor;
				CODE_SIGN_STYLE = Automatic;
				CURRENT_PROJECT_VERSION = 1;
				DEVELOPMENT_TEAM = LWQVFXRS4L;
				GENERATE_INFOPLIST_FILE = YES;
				INFOPLIST_FILE = imageFeed/Info.plist;
				INFOPLIST_KEY_CFBundleDisplayName = "Image Feed";
				INFOPLIST_KEY_LSApplicationCategoryType = "public.app-category.photography";
				INFOPLIST_KEY_UIApplicationSupportsIndirectInputEvents = YES;
				INFOPLIST_KEY_UILaunchStoryboardName = LaunchScreen;
				INFOPLIST_KEY_UIMainStoryboardFile = Main;
				INFOPLIST_KEY_UISupportedInterfaceOrientations = UIInterfaceOrientationPortrait;
				INFOPLIST_KEY_UISupportedInterfaceOrientations_iPad = "UIInterfaceOrientationLandscapeLeft UIInterfaceOrientationLandscapeRight UIInterfaceOrientationPortrait UIInterfaceOrientationPortraitUpsideDown";
				IPHONEOS_DEPLOYMENT_TARGET = 13.0;
				LD_RUNPATH_SEARCH_PATHS = (
					"$(inherited)",
					"@executable_path/Frameworks",
				);
				MARKETING_VERSION = 1.0;
				PRODUCT_BUNDLE_IDENTIFIER = danlncewerly.practicum.ImageFeed;
				PRODUCT_NAME = "$(TARGET_NAME)";
				SUPPORTED_PLATFORMS = "iphoneos iphonesimulator";
				SUPPORTS_MACCATALYST = NO;
				SUPPORTS_MAC_DESIGNED_FOR_IPHONE_IPAD = NO;
				SUPPORTS_XR_DESIGNED_FOR_IPHONE_IPAD = NO;
				SWIFT_EMIT_LOC_STRINGS = YES;
				SWIFT_VERSION = 5.0;
				TARGETED_DEVICE_FAMILY = 1;
			};
			name = Release;
		};
/* End XCBuildConfiguration section */

/* Begin XCConfigurationList section */
		ED70074A2C3AEF37007F54E1 /* Build configuration list for PBXProject "imageFeed" */ = {
			isa = XCConfigurationList;
			buildConfigurations = (
				ED7007612C3AEF39007F54E1 /* Debug */,
				ED7007622C3AEF39007F54E1 /* Release */,
			);
			defaultConfigurationIsVisible = 0;
			defaultConfigurationName = Release;
		};
		ED7007632C3AEF39007F54E1 /* Build configuration list for PBXNativeTarget "imageFeed" */ = {
			isa = XCConfigurationList;
			buildConfigurations = (
				ED7007642C3AEF39007F54E1 /* Debug */,
				ED7007652C3AEF39007F54E1 /* Release */,
			);
			defaultConfigurationIsVisible = 0;
			defaultConfigurationName = Release;
		};
/* End XCConfigurationList section */

/* Begin XCRemoteSwiftPackageReference section */
		EDC32B922C6E91490020EBA5 /* XCRemoteSwiftPackageReference "ProgressHUD" */ = {
			isa = XCRemoteSwiftPackageReference;
			repositoryURL = "https://github.com/relatedcode/ProgressHUD";
			requirement = {
				kind = exactVersion;
				version = 14.1.3;
			};
		};
		EDF0834D2C80EA0F008CCFAA /* XCRemoteSwiftPackageReference "Kingfisher" */ = {
			isa = XCRemoteSwiftPackageReference;
			repositoryURL = "https://github.com/onevcat/Kingfisher";
			requirement = {
				kind = upToNextMajorVersion;
				minimumVersion = 7.12.0;
			};
		};
		EDF083502C81C169008CCFAA /* XCRemoteSwiftPackageReference "SwiftKeychainWrapper" */ = {
			isa = XCRemoteSwiftPackageReference;
			repositoryURL = "https://github.com/jrendel/SwiftKeychainWrapper";
			requirement = {
				kind = upToNextMajorVersion;
				minimumVersion = 4.0.1;
			};
		};
/* End XCRemoteSwiftPackageReference section */

/* Begin XCSwiftPackageProductDependency section */
		EDC32B932C6E91490020EBA5 /* ProgressHUD */ = {
			isa = XCSwiftPackageProductDependency;
			package = EDC32B922C6E91490020EBA5 /* XCRemoteSwiftPackageReference "ProgressHUD" */;
			productName = ProgressHUD;
		};
		EDF0834E2C80EA0F008CCFAA /* Kingfisher */ = {
			isa = XCSwiftPackageProductDependency;
			package = EDF0834D2C80EA0F008CCFAA /* XCRemoteSwiftPackageReference "Kingfisher" */;
			productName = Kingfisher;
		};
		EDF083512C81C169008CCFAA /* SwiftKeychainWrapper */ = {
			isa = XCSwiftPackageProductDependency;
			package = EDF083502C81C169008CCFAA /* XCRemoteSwiftPackageReference "SwiftKeychainWrapper" */;
			productName = SwiftKeychainWrapper;
		};
/* End XCSwiftPackageProductDependency section */
	};
	rootObject = ED7007472C3AEF37007F54E1 /* Project object */;
}
